
Microsoft Visual Studio Solution File, Format Version 12.00
# Visual Studio Version 17
VisualStudioVersion = 17.0.31903.59
MinimumVisualStudioVersion = 10.0.40219.1
Project("{2150E333-8FDC-42A3-9474-1A3956D46DE8}") = "src", "src", "{A2FBCEFF-CF42-4DD1-868C-04F90E176A42}"
EndProject
Project("{FAE04EC0-301F-11D3-BF4B-00C04F79EFBC}") = "AuctionService", "src\AuctionService\AuctionService.csproj", "{F3CB01FA-06C7-48EF-A646-6739130962F9}"
EndProject
Project("{FAE04EC0-301F-11D3-BF4B-00C04F79EFBC}") = "SearchService", "src\SearchService\SearchService.csproj", "{E4D6A25F-F0E1-4237-B693-A6EF0AD0BDB4}"
EndProject
Project("{FAE04EC0-301F-11D3-BF4B-00C04F79EFBC}") = "Contracts", "src\Contracts\Contracts.csproj", "{51B26795-4036-4FDD-B3A8-AC0A5CD9DAA0}"
EndProject
Project("{FAE04EC0-301F-11D3-BF4B-00C04F79EFBC}") = "IdentityService", "src\IdentityService\IdentityService.csproj", "{7A86B8F7-1C91-4419-953F-E578FAEBFC82}"
EndProject
Project("{FAE04EC0-301F-11D3-BF4B-00C04F79EFBC}") = "GatewayService", "src\GatewayService\GatewayService.csproj", "{033DE1F2-8C13-45E2-8990-519E867DB7C3}"
EndProject
Global
	GlobalSection(SolutionConfigurationPlatforms) = preSolution
		Debug|Any CPU = Debug|Any CPU
		Release|Any CPU = Release|Any CPU
	EndGlobalSection
	GlobalSection(ProjectConfigurationPlatforms) = postSolution
		{F3CB01FA-06C7-48EF-A646-6739130962F9}.Debug|Any CPU.ActiveCfg = Debug|Any CPU
		{F3CB01FA-06C7-48EF-A646-6739130962F9}.Debug|Any CPU.Build.0 = Debug|Any CPU
		{F3CB01FA-06C7-48EF-A646-6739130962F9}.Release|Any CPU.ActiveCfg = Release|Any CPU
		{F3CB01FA-06C7-48EF-A646-6739130962F9}.Release|Any CPU.Build.0 = Release|Any CPU
		{E4D6A25F-F0E1-4237-B693-A6EF0AD0BDB4}.Debug|Any CPU.ActiveCfg = Debug|Any CPU
		{E4D6A25F-F0E1-4237-B693-A6EF0AD0BDB4}.Debug|Any CPU.Build.0 = Debug|Any CPU
		{E4D6A25F-F0E1-4237-B693-A6EF0AD0BDB4}.Release|Any CPU.ActiveCfg = Release|Any CPU
		{E4D6A25F-F0E1-4237-B693-A6EF0AD0BDB4}.Release|Any CPU.Build.0 = Release|Any CPU
		{51B26795-4036-4FDD-B3A8-AC0A5CD9DAA0}.Debug|Any CPU.ActiveCfg = Debug|Any CPU
		{51B26795-4036-4FDD-B3A8-AC0A5CD9DAA0}.Debug|Any CPU.Build.0 = Debug|Any CPU
		{51B26795-4036-4FDD-B3A8-AC0A5CD9DAA0}.Release|Any CPU.ActiveCfg = Release|Any CPU
		{51B26795-4036-4FDD-B3A8-AC0A5CD9DAA0}.Release|Any CPU.Build.0 = Release|Any CPU
		{7A86B8F7-1C91-4419-953F-E578FAEBFC82}.Debug|Any CPU.ActiveCfg = Debug|Any CPU
		{7A86B8F7-1C91-4419-953F-E578FAEBFC82}.Debug|Any CPU.Build.0 = Debug|Any CPU
		{7A86B8F7-1C91-4419-953F-E578FAEBFC82}.Release|Any CPU.ActiveCfg = Release|Any CPU
		{7A86B8F7-1C91-4419-953F-E578FAEBFC82}.Release|Any CPU.Build.0 = Release|Any CPU
		{033DE1F2-8C13-45E2-8990-519E867DB7C3}.Debug|Any CPU.ActiveCfg = Debug|Any CPU
		{033DE1F2-8C13-45E2-8990-519E867DB7C3}.Debug|Any CPU.Build.0 = Debug|Any CPU
		{033DE1F2-8C13-45E2-8990-519E867DB7C3}.Release|Any CPU.ActiveCfg = Release|Any CPU
		{033DE1F2-8C13-45E2-8990-519E867DB7C3}.Release|Any CPU.Build.0 = Release|Any CPU
	EndGlobalSection
	GlobalSection(SolutionProperties) = preSolution
		HideSolutionNode = FALSE
	EndGlobalSection
	GlobalSection(NestedProjects) = preSolution
		{F3CB01FA-06C7-48EF-A646-6739130962F9} = {A2FBCEFF-CF42-4DD1-868C-04F90E176A42}
		{E4D6A25F-F0E1-4237-B693-A6EF0AD0BDB4} = {A2FBCEFF-CF42-4DD1-868C-04F90E176A42}
		{51B26795-4036-4FDD-B3A8-AC0A5CD9DAA0} = {A2FBCEFF-CF42-4DD1-868C-04F90E176A42}
		{7A86B8F7-1C91-4419-953F-E578FAEBFC82} = {A2FBCEFF-CF42-4DD1-868C-04F90E176A42}
		{033DE1F2-8C13-45E2-8990-519E867DB7C3} = {A2FBCEFF-CF42-4DD1-868C-04F90E176A42}
	EndGlobalSection
	GlobalSection(ExtensibilityGlobals) = postSolution
		SolutionGuid = {9B9F4E94-6485-4704-B0F2-AC82E3C07918}
	EndGlobalSection
EndGlobal
